
Microsoft Visual Studio Solution File, Format Version 11.00
# Visual C# Express 2010
Project("{FAE04EC0-301F-11D3-BF4B-00C04F79EFBC}") = "Count Strings in txt Document", "Count Strings in txt Document\Count Strings in txt Document.csproj", "{4D5E0A66-247C-4F84-BD3A-6DBC67819957}"
EndProject
Global
	GlobalSection(SolutionConfigurationPlatforms) = preSolution
		Debug|x86 = Debug|x86
		Release|x86 = Release|x86
	EndGlobalSection
	GlobalSection(ProjectConfigurationPlatforms) = postSolution
		{4D5E0A66-247C-4F84-BD3A-6DBC67819957}.Debug|x86.ActiveCfg = Debug|x86
		{4D5E0A66-247C-4F84-BD3A-6DBC67819957}.Debug|x86.Build.0 = Debug|x86
		{4D5E0A66-247C-4F84-BD3A-6DBC67819957}.Release|x86.ActiveCfg = Release|x86
		{4D5E0A66-247C-4F84-BD3A-6DBC67819957}.Release|x86.Build.0 = Release|x86
	EndGlobalSection
	GlobalSection(SolutionProperties) = preSolution
		HideSolutionNode = FALSE
	EndGlobalSection
EndGlobal
